// !$*UTF8*$!
{
	"classes" = {
	};
	"objectVersion" = "56";
	"archiveVersion" = "1";
	"objects" = {
		"D6C72D3995F007DDB1C8C0D3" = {
			"baseConfigurationReference" = "293D72C1586E28A6BF43B726";
			"isa" = "XCBuildConfiguration";
			"buildSettings" = {
				"GENERATE_INFOPLIST_FILE" = "YES";
				"TEST_HOST" = "$(BUILT_PRODUCTS_DIR)/FrankLuma.app/Contents/MacOS/FrankLuma";
				"LD_RUNPATH_SEARCH_PATHS" = "$(inherited) @executable_path/../Frameworks @loader_path/../Frameworks";
				"PRODUCT_BUNDLE_IDENTIFIER" = "com.broadframestudio.frankluma.tests";
				"SKIP_INSTALL" = "YES";
				"BUNDLE_LOADER" = "$(TEST_HOST)";
				"PRODUCT_NAME" = "$(TARGET_NAME)";
			};
			"name" = "DeveloperID";
		};
		"5BB29D9042BDC4B8FD6DE03B" = {
			"path" = "PulseReconstructionTests.swift";
			"isa" = "PBXFileReference";
			"lastKnownFileType" = "sourcecode.swift";
			"sourceTree" = "<group>";
		};
		"AA052DC347EC43009A620002" = {
			"isa" = "PBXBuildFile";
			"fileRef" = "AA052DC347EC43009A620001";
		};
		"3051F0BB5AC7A80C35D73A35" = {
			"path" = "VideoExporter.swift";
			"isa" = "PBXFileReference";
			"lastKnownFileType" = "sourcecode.swift";
			"sourceTree" = "<group>";
		};
		"7DED7670B79BEA8B7480B1FC" = {
			"isa" = "PBXResourcesBuildPhase";
			"buildActionMask" = "2147483647";
			"files" = (
				"F9DEDDB815259D4AA44C0C05",
			);
			"runOnlyForDeploymentPostprocessing" = "0";
		};
		"D2FF082E4E4496F253CDF7D3" = {
			"isa" = "PBXBuildFile";
			"fileRef" = "06B7D522E14630962705B13A";
		};
		"43F71DB0DAEFA753D818D19C" = {
			"isa" = "PBXBuildFile";
			"fileRef" = "9A1C0DAD3F1601629553A4BB";
		};
		"6A9FAA96D672635D3A9F85B9" = {
			"baseConfigurationReference" = "293D72C1586E28A6BF43B726";
			"isa" = "XCBuildConfiguration";
			"buildSettings" = {
				"GENERATE_INFOPLIST_FILE" = "YES";
				"TEST_HOST" = "$(BUILT_PRODUCTS_DIR)/FrankLuma.app/Contents/MacOS/FrankLuma";
				"LD_RUNPATH_SEARCH_PATHS" = "$(inherited) @executable_path/../Frameworks @loader_path/../Frameworks";
				"PRODUCT_BUNDLE_IDENTIFIER" = "com.broadframestudio.frankluma.tests";
				"SKIP_INSTALL" = "YES";
				"BUNDLE_LOADER" = "$(TEST_HOST)";
				"PRODUCT_NAME" = "$(TARGET_NAME)";
			};
			"name" = "Debug";
		};
		"96ED5C5789B174A01557791C" = {
			"path" = "PrivacyInfo.xcprivacy";
			"isa" = "PBXFileReference";
			"lastKnownFileType" = "text.xml";
			"sourceTree" = "<group>";
		};
		"971ED9D05B25DB6C4D7680D4" = {
			"isa" = "PBXSourcesBuildPhase";
			"buildActionMask" = "2147483647";
			"files" = (
				"B061DFCB425FEB9155200002",
				"AA052DC347EC43009A620002",
				"D0F741C93AE838FA51528436",
				"2AA05E7AB4164D0EAB6F0012",
				"0C7F77DBEFB04D03B82EEBB4",
				"9E94D9EFF145C4B90574E8B2",
				"DE08563D3563FAF76FC93216",
				"02AAE49E63C443D18238555E",
				"B03452C49DAC659C5E622E9F",
				"4CE2D303E3CA232A861D3774",
				"9CEFF3010A232DB009C1685D",
				"15123AEE4945AD16A8564441",
				"5ADE866F4E333D7D8284CA59",
				"2E88B7B579B691169519D198",
				"E6C7B00557394171E3F07AF6",
				"715577FB4BD0793EB1F58F3B",
			);
			"runOnlyForDeploymentPostprocessing" = "0";
		};
		"AD97015E54B41257F97AC135" = {
			"baseConfigurationReference" = "8F2EAE709F0F8D37F97D7620";
			"isa" = "XCBuildConfiguration";
			"buildSettings" = {
			};
			"name" = "Release";
		};
		"1872631125DF85A968E38C58" = {
			"baseConfigurationReference" = "293D72C1586E28A6BF43B726";
			"isa" = "XCBuildConfiguration";
			"buildSettings" = {
				"SWIFT_ACTIVE_COMPILATION_CONDITIONS" = "$(inherited)";
				"ONLY_ACTIVE_ARCH" = "NO";
				"DEBUG_INFORMATION_FORMAT" = "dwarf-with-dsym";
				"SWIFT_COMPILATION_MODE" = "wholemodule";
				"COPY_PHASE_STRIP" = "NO";
				"SWIFT_OPTIMIZATION_LEVEL" = "-O";
				"ENABLE_TESTABILITY" = "NO";
			};
			"name" = "Release";
		};
		"6FD5DA6BFF88EAB1C485EF3C" = {
			"isa" = "XCConfigurationList";
			"defaultConfigurationIsVisible" = "0";
			"defaultConfigurationName" = "Release";
			"buildConfigurations" = (
				"95BADC1ACCF0219653366231",
				"AD97015E54B41257F97AC135",
				"4CFF98F8ADBCE8D04B4FD498",
				"AAC23B4F03CAB907750B4C39",
			);
		};
		"B9A1FF4C261A493FF27AD605" = {
			"baseConfigurationReference" = "293D72C1586E28A6BF43B726";
			"isa" = "XCBuildConfiguration";
			"buildSettings" = {
				"SWIFT_ACTIVE_COMPILATION_CONDITIONS" = "DEBUG $(inherited)";
				"ONLY_ACTIVE_ARCH" = "YES";
				"DEBUG_INFORMATION_FORMAT" = "dwarf";
				"SWIFT_COMPILATION_MODE" = "singlefile";
				"COPY_PHASE_STRIP" = "NO";
				"SWIFT_OPTIMIZATION_LEVEL" = "-Onone";
				"ENABLE_TESTABILITY" = "YES";
			};
			"name" = "Debug";
		};
		"D6F927F56A9A1EF5CA4E6324" = {
			"path" = "AppStoreExportOptions.plist";
			"isa" = "PBXFileReference";
			"lastKnownFileType" = "text.plist.xml";
			"sourceTree" = "<group>";
		};
		"BCE16DD0260827ECF338C787" = {
			"path" = "Sources/FrankLuma";
			"isa" = "PBXGroup";
			"children" = (
				"58B865E834AFC1C900A3548D",
				"49C500C519BA8D94DCCAF84F",
				"B8B8CD0CA037FD99C736B21C",
				"C15B37324B4D744947F710A7",
				"D2E822A2240752530B27EF73",
			);
			"sourceTree" = "<group>";
		};
		"A89CBBE28573DA1AF2E06832" = {
			"baseConfigurationReference" = "293D72C1586E28A6BF43B726";
			"isa" = "XCBuildConfiguration";
			"buildSettings" = {
				"SWIFT_ACTIVE_COMPILATION_CONDITIONS" = "$(inherited)";
				"ONLY_ACTIVE_ARCH" = "NO";
				"DEBUG_INFORMATION_FORMAT" = "dwarf-with-dsym";
				"SWIFT_COMPILATION_MODE" = "wholemodule";
				"COPY_PHASE_STRIP" = "NO";
				"SWIFT_OPTIMIZATION_LEVEL" = "-O";
				"ENABLE_TESTABILITY" = "NO";
			};
			"name" = "AppStore";
		};
		"515D8EC4981DF35E81791860" = {
			"baseConfigurationReference" = "293D72C1586E28A6BF43B726";
			"isa" = "XCBuildConfiguration";
			"buildSettings" = {
				"SWIFT_ACTIVE_COMPILATION_CONDITIONS" = "$(inherited)";
				"ONLY_ACTIVE_ARCH" = "NO";
				"DEBUG_INFORMATION_FORMAT" = "dwarf-with-dsym";
				"SWIFT_COMPILATION_MODE" = "wholemodule";
				"COPY_PHASE_STRIP" = "NO";
				"SWIFT_OPTIMIZATION_LEVEL" = "-O";
				"ENABLE_TESTABILITY" = "NO";
			};
			"name" = "DeveloperID";
		};
		"5F024B2C37A8309AC6BB2B14" = {
			"isa" = "PBXBuildFile";
			"fileRef" = "994D7116C396C0B5D2A1569D";
		};
		"4CE2D303E3CA232A861D3774" = {
			"isa" = "PBXBuildFile";
			"fileRef" = "E86BF638921F8F7AF77294CB";
		};
		"5ADE866F4E333D7D8284CA59" = {
			"isa" = "PBXBuildFile";
			"fileRef" = "72A3DA586E2C38F142CFD670";
		};
		"DC76E9F0C0006E8F919E0C51" = {
			"isa" = "PBXGroup";
			"sourceTree" = "<group>";
			"children" = (
				"BCE16DD0260827ECF338C787",
				"04D13FD0AA6F0197CF2C9990",
				"0189424A5A60FED329FA868E",
				"5FB66943637FEB59E5652D81",
				"FBDC4F23F93125BBEEAE800C",
				"F78A71AF8BBF8CC2F6F31354",
				"E86A9CDC34DD6DA187BC3D07",
			);
		};
		"5273FFD1C40C65EAE364E19A" = {
			"isa" = "PBXBuildFile";
			"fileRef" = "E63B0C4C7F4DC1BB40AC896F";
		};
		"9A1C0DAD3F1601629553A4BB" = {
			"path" = "SceneTests.swift";
			"isa" = "PBXFileReference";
			"lastKnownFileType" = "sourcecode.swift";
			"sourceTree" = "<group>";
		};
		"4CB2756C670992B08A5FF9B3" = {
			"isa" = "PBXBuildFile";
			"fileRef" = "5BB29D9042BDC4B8FD6DE03B";
		};
		"B061DFCB425FEB9155200002" = {
			"isa" = "PBXBuildFile";
			"fileRef" = "B061DFCB425FEB9155200001";
		};
		"B061DFCB425FEB9155200004" = {
			"isa" = "PBXBuildFile";
			"fileRef" = "B061DFCB425FEB9155200003";
		};
		"F4877D5E6B5891AD66F05909" = {
			"isa" = "PBXBuildFile";
			"fileRef" = "B780D7324513EC39C6D67DD6";
		};
		"8672DB6CD4552B6F1FCBED9E" = {
			"isa" = "PBXBuildFile";
			"fileRef" = "F7E53ADBD4D9DB7B5A007A78";
		};
		"2AA05E7AB4164D0EAB6F0012" = {
			"isa" = "PBXBuildFile";
			"fileRef" = "2AA05E7AB4164D0EAB6F0011";
		};
		"2AA05E7AB4164D0EAB6F0014" = {
			"isa" = "PBXBuildFile";
			"fileRef" = "2AA05E7AB4164D0EAB6F0013";
		};
		"2AA05E7AB4164D0EAB6F0016" = {
			"isa" = "PBXBuildFile";
			"fileRef" = "2AA05E7AB4164D0EAB6F0015";
		};
		"694337022FF59442FDC98972" = {
			"isa" = "PBXBuildFile";
			"fileRef" = "1013A33016F2837D5DFF44FD";
		};
		"F7E53ADBD4D9DB7B5A007A78" = {
			"path" = "SpatialLightingTests.swift";
			"isa" = "PBXFileReference";
			"lastKnownFileType" = "sourcecode.swift";
			"sourceTree" = "<group>";
		};
		"4D246A36D29348A7F32D1ECC" = {
			"isa" = "PBXBuildFile";
			"fileRef" = "D8947A7A896629092ECBBF98";
		};
		"1FF8D56378DADCA145A73CB6" = {
			"path" = "AppStore.xcconfig";
			"isa" = "PBXFileReference";
			"lastKnownFileType" = "text.xcconfig";
			"sourceTree" = "<group>";
		};
		"B03452C49DAC659C5E622E9F" = {
			"isa" = "PBXBuildFile";
			"fileRef" = "7D6138F26976095294F01756";
		};
		"06B7D522E14630962705B13A" = {
			"path" = "TestResources.swift";
			"isa" = "PBXFileReference";
			"lastKnownFileType" = "sourcecode.swift";
			"sourceTree" = "<group>";
		};
		"326CF19576E7677DB7641872" = {
			"isa" = "PBXBuildFile";
			"fileRef" = "3685E330EC5277A9DD5661C6";
		};
		"04D13FD0AA6F0197CF2C9990" = {
			"path" = "Tests/FrankLumaTests";
			"isa" = "PBXGroup";
			"children" = (
				"F76B954A81EC419D1C50B7E6",
				"63AB426783EB7B08B127C88E",
				"17054545C5BC7D635BE3E9F4",
				"1DE1E861F296A0341CE6C796",
				"D72289CB2F38B477A09ED45E",
				"C8EDA0AF5FA72990DF7AE82B",
				"75BD0645ACBA40794BC2A172",
			);
			"sourceTree" = "<group>";
		};
		"A2655814B6ADCAEE79E7A4E7" = {
			"path" = "SpatialLighting.swift";
			"isa" = "PBXFileReference";
			"lastKnownFileType" = "sourcecode.swift";
			"sourceTree" = "<group>";
		};
		"3A3924C6199DC3918732C558" = {
			"isa" = "XCConfigurationList";
			"defaultConfigurationIsVisible" = "0";
			"defaultConfigurationName" = "Release";
			"buildConfigurations" = (
				"6A9FAA96D672635D3A9F85B9",
				"9D7E11FE37A209F998CE4266",
				"D6C72D3995F007DDB1C8C0D3",
				"B70C7E924CFA7EA0C0BC9DE4",
			);
		};
		"5BE3E7AC5C56E23CBE65C526" = {
			"path" = "VideoGeometry.swift";
			"isa" = "PBXFileReference";
			"lastKnownFileType" = "sourcecode.swift";
			"sourceTree" = "<group>";
		};
		"CB97F200486E33B848783621" = {
			"path" = "SpatialRenderer.swift";
			"isa" = "PBXFileReference";
			"lastKnownFileType" = "sourcecode.swift";
			"sourceTree" = "<group>";
		};
		"1B11CFD4B15DF7AB0108ADF0" = {
			"isa" = "XCConfigurationList";
			"defaultConfigurationIsVisible" = "0";
			"defaultConfigurationName" = "Release";
			"buildConfigurations" = (
				"B9A1FF4C261A493FF27AD605",
				"1872631125DF85A968E38C58",
				"515D8EC4981DF35E81791860",
				"A89CBBE28573DA1AF2E06832",
			);
		};
		"85B6CE9DC45EC1FE34117E97" = {
			"isa" = "PBXBuildFile";
			"fileRef" = "368F616211F65FEEF7249FF1";
		};
		"59BD0A3FF43B32849B319E64" = {
			"path" = "Info.plist";
			"isa" = "PBXFileReference";
			"lastKnownFileType" = "text.plist.xml";
			"sourceTree" = "<group>";
		};
		"0CFDB71A73D837CAFD1644EE" = {
			"path" = "DeveloperID.xcconfig";
			"isa" = "PBXFileReference";
			"lastKnownFileType" = "text.xcconfig";
			"sourceTree" = "<group>";
		};
		"37886497B940A95043815E37" = {
			"path" = "CommonIllumination.swift";
			"isa" = "PBXFileReference";
			"lastKnownFileType" = "sourcecode.swift";
			"sourceTree" = "<group>";
		};
		"1ABF84E55BD30AC2CEF8FC42" = {
			"isa" = "PBXFrameworksBuildPhase";
			"buildActionMask" = "2147483647";
			"files" = (
			);
			"runOnlyForDeploymentPostprocessing" = "0";
		};
		"BABD094DA7A3AA690C3CA256" = {
			"isa" = "PBXBuildFile";
			"fileRef" = "A144F42BC59647FB0708E53E";
		};
		"994D7116C396C0B5D2A1569D" = {
			"path" = "PulseFieldCompositionTests.swift";
			"isa" = "PBXFileReference";
			"lastKnownFileType" = "sourcecode.swift";
			"sourceTree" = "<group>";
		};
		"E86BF638921F8F7AF77294CB" = {
			"path" = "Scenes.swift";
			"isa" = "PBXFileReference";
			"lastKnownFileType" = "sourcecode.swift";
			"sourceTree" = "<group>";
		};
		"156BDA729C0551AC43122DD1" = {
			"path" = "VideoGeometryTests.swift";
			"isa" = "PBXFileReference";
			"lastKnownFileType" = "sourcecode.swift";
			"sourceTree" = "<group>";
		};
		"0E69AD52793217F37D4DD9C8" = {
			"isa" = "PBXBuildFile";
			"fileRef" = "89E495E7941CF9E40E6980D1";
		};
		"95BADC1ACCF0219653366231" = {
			"baseConfigurationReference" = "8F2EAE709F0F8D37F97D7620";
			"isa" = "XCBuildConfiguration";
			"buildSettings" = {
			};
			"name" = "Debug";
		};
		"D8947A7A896629092ECBBF98" = {
			"path" = "FrankLuma.icon";
			"isa" = "PBXFileReference";
			"lastKnownFileType" = "folder.icon";
			"sourceTree" = "<group>";
		};
		"FBDC4F23F93125BBEEAE800C" = {
			"isa" = "PBXGroup";
			"name" = "Products";
			"sourceTree" = "<group>";
			"children" = (
				"E6FC57C251E9E1BEC1D3C0D2",
				"B7480EC88B7F22D0A4757273",
			);
		};
		"0C7F77DBEFB04D03B82EEBB4" = {
			"isa" = "PBXBuildFile";
			"fileRef" = "9BEBC6C9BCA5B098973A7BD9";
		};
		"B780D7324513EC39C6D67DD6" = {
			"path" = "FileAccessTests.swift";
			"isa" = "PBXFileReference";
			"lastKnownFileType" = "sourcecode.swift";
			"sourceTree" = "<group>";
		};
		"78AE8C6BEB2A40A6D824CCEE" = {
			"isa" = "PBXFrameworksBuildPhase";
			"buildActionMask" = "2147483647";
			"files" = (
			);
			"runOnlyForDeploymentPostprocessing" = "0";
		};
		"3685E330EC5277A9DD5661C6" = {
			"path" = "Assets.xcassets";
			"isa" = "PBXFileReference";
			"lastKnownFileType" = "folder.assetcatalog";
			"sourceTree" = "<group>";
		};
		"D799BAE6088A90139B415FCC" = {
			"isa" = "PBXContainerItemProxy";
			"containerPortal" = "98F54143AB4E86B28C3AFEE0";
			"remoteGlobalIDString" = "7D1043473D55BFA90E8530D3";
			"remoteInfo" = "FrankLuma";
			"proxyType" = "1";
		};
		"AA052DC347EC43009A620001" = {
			"path" = "PulseReconstruction.swift";
			"isa" = "PBXFileReference";
			"lastKnownFileType" = "sourcecode.swift";
			"sourceTree" = "<group>";
		};
		"E7B1BFA482251F04722B6837" = {
			"path" = "FrankLuma.entitlements";
			"isa" = "PBXFileReference";
			"lastKnownFileType" = "text.plist.entitlements";
			"sourceTree" = "<group>";
		};
		"6E431EB0650617AA1756B320" = {
			"isa" = "PBXSourcesBuildPhase";
			"buildActionMask" = "2147483647";
			"files" = (
				"B061DFCB425FEB9155200004",
				"85B6CE9DC45EC1FE34117E97",
				"5F024B2C37A8309AC6BB2B14",
				"6F11CB26305971AA1AEC2159",
				"4CB2756C670992B08A5FF9B3",
				"2AA05E7AB4164D0EAB6F0016",
				"2AA05E7AB4164D0EAB6F0014",
				"BABD094DA7A3AA690C3CA256",
				"25637A88D6AC05942ECE31B4",
				"F4877D5E6B5891AD66F05909",
				"7CE4790A81C9B20529F870B3",
				"FDE3ED444E0E1BF780AA35C6",
				"43F71DB0DAEFA753D818D19C",
				"8672DB6CD4552B6F1FCBED9E",
				"5273FFD1C40C65EAE364E19A",
				"D2FF082E4E4496F253CDF7D3",
				"694337022FF59442FDC98972",
				"F98AB58D69A1CB42737B5668",
				"C158092823696933DEC91029",
				"E3167CBB5FAA5B50D6FEA251",
				"C864C40C1F9C35A61485C764",
				"CC4A8D09F2A02E36331204B3",
			);
			"runOnlyForDeploymentPostprocessing" = "0";
		};
		"A94A8FE5CCB19BA61C4C0873" = {
			"buildConfigurationList" = "3A3924C6199DC3918732C558";
			"productReference" = "B7480EC88B7F22D0A4757273";
			"productType" = "com.apple.product-type.bundle.unit-test";
			"productName" = "FrankLumaTests";
			"isa" = "PBXNativeTarget";
			"buildPhases" = (
				"6E431EB0650617AA1756B320",
				"1ABF84E55BD30AC2CEF8FC42",
				"7DED7670B79BEA8B7480B1FC",
			);
			"dependencies" = (
				"DE58E2B17C19600779694943",
			);
			"name" = "FrankLumaTests";
			"buildRules" = (
			);
		};
		"9BEBC6C9BCA5B098973A7BD9" = {
			"path" = "AppModel.swift";
			"isa" = "PBXFileReference";
			"lastKnownFileType" = "sourcecode.swift";
			"sourceTree" = "<group>";
		};
		"C9C2DC404910ED699A2B362D" = {
			"path" = "PreviewTimingTests.swift";
			"isa" = "PBXFileReference";
			"lastKnownFileType" = "sourcecode.swift";
			"sourceTree" = "<group>";
		};
		"368F616211F65FEEF7249FF1" = {
			"path" = "CommonIlluminationTests.swift";
			"isa" = "PBXFileReference";
			"lastKnownFileType" = "sourcecode.swift";
			"sourceTree" = "<group>";
		};
		"89E495E7941CF9E40E6980D1" = {
			"path" = "FrankLuma Demo.mov";
			"isa" = "PBXFileReference";
			"lastKnownFileType" = "video.quicktime";
			"sourceTree" = "<group>";
		};
		"E86A9CDC34DD6DA187BC3D07" = {
			"path" = "docs/RELEASING.md";
			"isa" = "PBXFileReference";
			"lastKnownFileType" = "net.daringfireball.markdown";
			"sourceTree" = "<group>";
		};
		"17054545C5BC7D635BE3E9F4" = {
			"path" = "Fixtures";
			"isa" = "PBXFileReference";
			"lastKnownFileType" = "folder";
			"sourceTree" = "<group>";
		};
		"98F54143AB4E86B28C3AFEE0" = {
			"buildConfigurationList" = "1B11CFD4B15DF7AB0108ADF0";
			"targets" = (
				"7D1043473D55BFA90E8530D3",
				"A94A8FE5CCB19BA61C4C0873",
			);
			"developmentRegion" = "en";
			"knownRegions" = (
				"en",
				"Base",
			);
			"isa" = "PBXProject";
			"compatibilityVersion" = "Xcode 14.0";
			"productRefGroup" = "FBDC4F23F93125BBEEAE800C";
			"projectDirPath" = "";
			"attributes" = {
				"LastUpgradeCheck" = "2700";
				"BuildIndependentTargetsInParallel" = "YES";
				"TargetAttributes" = {
					"7D1043473D55BFA90E8530D3" = {
						"SystemCapabilities" = {
							"com.apple.HardenedRuntime" = {
								"enabled" = "1";
							};
							"com.apple.Sandbox" = {
								"enabled" = "1";
							};
						};
						"CreatedOnToolsVersion" = "27.0";
					};
					"A94A8FE5CCB19BA61C4C0873" = {
						"TestTargetID" = "7D1043473D55BFA90E8530D3";
						"CreatedOnToolsVersion" = "27.0";
					};
				};
			};
			"hasScannedForEncodings" = "0";
			"projectRoot" = "";
			"mainGroup" = "DC76E9F0C0006E8F919E0C51";
		};
		"D0F741C93AE838FA51528436" = {
			"isa" = "PBXBuildFile";
			"fileRef" = "37886497B940A95043815E37";
		};
		"67A216983E7B059BA507A3BE" = {
			"isa" = "PBXBuildFile";
			"fileRef" = "96ED5C5789B174A01557791C";
		};
		"27F22D807165E1963F908D6D" = {
			"path" = "Exposure.swift";
			"isa" = "PBXFileReference";
			"lastKnownFileType" = "sourcecode.swift";
			"sourceTree" = "<group>";
		};
		"E63B0C4C7F4DC1BB40AC896F" = {
			"path" = "SpatialRendererTests.swift";
			"isa" = "PBXFileReference";
			"lastKnownFileType" = "sourcecode.swift";
			"sourceTree" = "<group>";
		};
		"15123AEE4945AD16A8564441" = {
			"isa" = "PBXBuildFile";
			"fileRef" = "CB97F200486E33B848783621";
		};
		"8F2EAE709F0F8D37F97D7620" = {
			"path" = "App.xcconfig";
			"isa" = "PBXFileReference";
			"lastKnownFileType" = "text.xcconfig";
			"sourceTree" = "<group>";
		};
		"73D2B767E04664928AE00F1D" = {
			"path" = "PulseGainCompositionTests.swift";
			"isa" = "PBXFileReference";
			"lastKnownFileType" = "sourcecode.swift";
			"sourceTree" = "<group>";
		};
		"02AAE49E63C443D18238555E" = {
			"isa" = "PBXBuildFile";
			"fileRef" = "91C559CF173C7AB7BCF26F43";
		};
		"B061DFCB425FEB9155200003" = {
			"path" = "QuietColourContinuityTests.swift";
			"isa" = "PBXFileReference";
			"lastKnownFileType" = "sourcecode.swift";
			"sourceTree" = "<group>";
		};
		"B061DFCB425FEB9155200001" = {
			"path" = "QuietColourContinuity.swift";
			"isa" = "PBXFileReference";
			"lastKnownFileType" = "sourcecode.swift";
			"sourceTree" = "<group>";
		};
		"2E88B7B579B691169519D198" = {
			"isa" = "PBXBuildFile";
			"fileRef" = "E7A03606C5D640553DEAA282";
		};
		"1013A33016F2837D5DFF44FD" = {
			"path" = "TimelineTests.swift";
			"isa" = "PBXFileReference";
			"lastKnownFileType" = "sourcecode.swift";
			"sourceTree" = "<group>";
		};
		"DE58E2B17C19600779694943" = {
			"isa" = "PBXTargetDependency";
			"target" = "7D1043473D55BFA90E8530D3";
			"targetProxy" = "D799BAE6088A90139B415FCC";
		};
		"FDE3ED444E0E1BF780AA35C6" = {
			"isa" = "PBXBuildFile";
			"fileRef" = "C9C2DC404910ED699A2B362D";
		};
		"2AA05E7AB4164D0EAB6F0011" = {
			"path" = "ProjectDocument.swift";
			"isa" = "PBXFileReference";
			"lastKnownFileType" = "sourcecode.swift";
			"sourceTree" = "<group>";
		};
		"2AA05E7AB4164D0EAB6F0013" = {
			"path" = "ProjectDocumentTests.swift";
			"isa" = "PBXFileReference";
			"lastKnownFileType" = "sourcecode.swift";
			"sourceTree" = "<group>";
		};
		"2AA05E7AB4164D0EAB6F0015" = {
			"path" = "SurfaceTrackingTests.swift";
			"isa" = "PBXFileReference";
			"lastKnownFileType" = "sourcecode.swift";
			"sourceTree" = "<group>";
		};
		"7D6138F26976095294F01756" = {
			"path" = "PatchExposure.swift";
			"isa" = "PBXFileReference";
			"lastKnownFileType" = "sourcecode.swift";
			"sourceTree" = "<group>";
		};
		"9E94D9EFF145C4B90574E8B2" = {
			"isa" = "PBXBuildFile";
			"fileRef" = "27F22D807165E1963F908D6D";
		};
		"B70C7E924CFA7EA0C0BC9DE4" = {
			"baseConfigurationReference" = "293D72C1586E28A6BF43B726";
			"isa" = "XCBuildConfiguration";
			"buildSettings" = {
				"GENERATE_INFOPLIST_FILE" = "YES";
				"TEST_HOST" = "$(BUILT_PRODUCTS_DIR)/FrankLuma.app/Contents/MacOS/FrankLuma";
				"LD_RUNPATH_SEARCH_PATHS" = "$(inherited) @executable_path/../Frameworks @loader_path/../Frameworks";
				"PRODUCT_BUNDLE_IDENTIFIER" = "com.broadframestudio.frankluma.tests";
				"SKIP_INSTALL" = "YES";
				"BUNDLE_LOADER" = "$(TEST_HOST)";
				"PRODUCT_NAME" = "$(TARGET_NAME)";
			};
			"name" = "AppStore";
		};
		"F9DEDDB815259D4AA44C0C05" = {
			"isa" = "PBXBuildFile";
			"fileRef" = "17054545C5BC7D635BE3E9F4";
		};
		"7D1043473D55BFA90E8530D3" = {
			"buildConfigurationList" = "6FD5DA6BFF88EAB1C485EF3C";
			"productReference" = "E6FC57C251E9E1BEC1D3C0D2";
			"productType" = "com.apple.product-type.application";
			"productName" = "FrankLuma";
			"isa" = "PBXNativeTarget";
			"buildPhases" = (
				"971ED9D05B25DB6C4D7680D4",
				"78AE8C6BEB2A40A6D824CCEE",
				"364863F9F2E558B0F50473FC",
			);
			"dependencies" = (
			);
			"name" = "FrankLuma";
			"buildRules" = (
			);
		};
		"02407CC8B0794BA39EAA7248" = {
			"path" = "PatchExposureTests.swift";
			"isa" = "PBXFileReference";
			"lastKnownFileType" = "sourcecode.swift";
			"sourceTree" = "<group>";
		};
		"E7A03606C5D640553DEAA282" = {
			"path" = "VideoEngine.swift";
			"isa" = "PBXFileReference";
			"lastKnownFileType" = "sourcecode.swift";
			"sourceTree" = "<group>";
		};
		"72A3DA586E2C38F142CFD670" = {
			"path" = "TimelineEditor.swift";
			"isa" = "PBXFileReference";
			"lastKnownFileType" = "sourcecode.swift";
			"sourceTree" = "<group>";
		};
		"8A82E97AAB65F151DE7BF95B" = {
			"path" = "DeveloperIDExportOptions.plist";
			"isa" = "PBXFileReference";
			"lastKnownFileType" = "text.plist.xml";
			"sourceTree" = "<group>";
		};
		"DE08563D3563FAF76FC93216" = {
			"isa" = "PBXBuildFile";
			"fileRef" = "38C87A14369F951DC13A9C8D";
		};
		"AAC23B4F03CAB907750B4C39" = {
			"baseConfigurationReference" = "1FF8D56378DADCA145A73CB6";
			"isa" = "XCBuildConfiguration";
			"buildSettings" = {
			};
			"name" = "AppStore";
		};
		"5FB66943637FEB59E5652D81" = {
			"path" = "Configuration";
			"isa" = "PBXGroup";
			"children" = (
				"8F2EAE709F0F8D37F97D7620",
				"1FF8D56378DADCA145A73CB6",
				"D6F927F56A9A1EF5CA4E6324",
				"293D72C1586E28A6BF43B726",
				"0CFDB71A73D837CAFD1644EE",
				"8A82E97AAB65F151DE7BF95B",
			);
			"sourceTree" = "<group>";
		};
		"293D72C1586E28A6BF43B726" = {
			"path" = "Base.xcconfig";
			"isa" = "PBXFileReference";
			"lastKnownFileType" = "text.xcconfig";
			"sourceTree" = "<group>";
		};
		"715577FB4BD0793EB1F58F3B" = {
			"isa" = "PBXBuildFile";
			"fileRef" = "5BE3E7AC5C56E23CBE65C526";
		};
		"9D7E11FE37A209F998CE4266" = {
			"baseConfigurationReference" = "293D72C1586E28A6BF43B726";
			"isa" = "XCBuildConfiguration";
			"buildSettings" = {
				"GENERATE_INFOPLIST_FILE" = "YES";
				"TEST_HOST" = "$(BUILT_PRODUCTS_DIR)/FrankLuma.app/Contents/MacOS/FrankLuma";
				"LD_RUNPATH_SEARCH_PATHS" = "$(inherited) @executable_path/../Frameworks @loader_path/../Frameworks";
				"PRODUCT_BUNDLE_IDENTIFIER" = "com.broadframestudio.frankluma.tests";
				"SKIP_INSTALL" = "YES";
				"BUNDLE_LOADER" = "$(TEST_HOST)";
				"PRODUCT_NAME" = "$(TARGET_NAME)";
			};
			"name" = "Release";
		};
		"F78A71AF8BBF8CC2F6F31354" = {
			"path" = "README.md";
			"isa" = "PBXFileReference";
			"lastKnownFileType" = "net.daringfireball.markdown";
			"sourceTree" = "<group>";
		};
		"9CEFF3010A232DB009C1685D" = {
			"isa" = "PBXBuildFile";
			"fileRef" = "A2655814B6ADCAEE79E7A4E7";
		};
		"A144F42BC59647FB0708E53E" = {
			"path" = "ExportTimingTests.swift";
			"isa" = "PBXFileReference";
			"lastKnownFileType" = "sourcecode.swift";
			"sourceTree" = "<group>";
		};
		"25637A88D6AC05942ECE31B4" = {
			"isa" = "PBXBuildFile";
			"fileRef" = "8C495749EAC0268C498C153F";
		};
		"E6FC57C251E9E1BEC1D3C0D2" = {
			"path" = "FrankLuma.app";
			"isa" = "PBXFileReference";
			"includeInIndex" = "0";
			"explicitFileType" = "wrapper.application";
			"sourceTree" = "BUILT_PRODUCTS_DIR";
		};
		"F98AB58D69A1CB42737B5668" = {
			"isa" = "PBXBuildFile";
			"fileRef" = "156BDA729C0551AC43122DD1";
		};
		"E6C7B00557394171E3F07AF6" = {
			"isa" = "PBXBuildFile";
			"fileRef" = "3051F0BB5AC7A80C35D73A35";
		};
		"38C87A14369F951DC13A9C8D" = {
			"path" = "FileAccess.swift";
			"isa" = "PBXFileReference";
			"lastKnownFileType" = "sourcecode.swift";
			"sourceTree" = "<group>";
		};
		"364863F9F2E558B0F50473FC" = {
			"isa" = "PBXResourcesBuildPhase";
			"buildActionMask" = "2147483647";
			"files" = (
				"0E69AD52793217F37D4DD9C8",
				"4D246A36D29348A7F32D1ECC",
				"326CF19576E7677DB7641872",
				"67A216983E7B059BA507A3BE",
			);
			"runOnlyForDeploymentPostprocessing" = "0";
		};
		"7CE4790A81C9B20529F870B3" = {
			"isa" = "PBXBuildFile";
			"fileRef" = "02407CC8B0794BA39EAA7248";
		};
		"B7480EC88B7F22D0A4757273" = {
			"path" = "FrankLumaTests.xctest";
			"isa" = "PBXFileReference";
			"includeInIndex" = "0";
			"explicitFileType" = "wrapper.cfbundle";
			"sourceTree" = "BUILT_PRODUCTS_DIR";
		};
		"91C559CF173C7AB7BCF26F43" = {
			"path" = "FrankLumaApp.swift";
			"isa" = "PBXFileReference";
			"lastKnownFileType" = "sourcecode.swift";
			"sourceTree" = "<group>";
		};
		"4CFF98F8ADBCE8D04B4FD498" = {
			"baseConfigurationReference" = "0CFDB71A73D837CAFD1644EE";
			"isa" = "XCBuildConfiguration";
			"buildSettings" = {
			};
			"name" = "DeveloperID";
		};
		"0189424A5A60FED329FA868E" = {
			"path" = "Resources";
			"isa" = "PBXGroup";
			"children" = (
				"89E495E7941CF9E40E6980D1",
				"D8947A7A896629092ECBBF98",
				"3685E330EC5277A9DD5661C6",
				"96ED5C5789B174A01557791C",
				"59BD0A3FF43B32849B319E64",
				"E7B1BFA482251F04722B6837",
			);
			"sourceTree" = "<group>";
		};
		"8C495749EAC0268C498C153F" = {
			"path" = "ExposureTests.swift";
			"isa" = "PBXFileReference";
			"lastKnownFileType" = "sourcecode.swift";
			"sourceTree" = "<group>";
		};
		"6F11CB26305971AA1AEC2159" = {
			"isa" = "PBXBuildFile";
			"fileRef" = "73D2B767E04664928AE00F1D";
		};
		"58B865E834AFC1C900A3548D" = {
			"isa" = "PBXGroup";
			"path" = "App";
			"sourceTree" = "<group>";
			"children" = (
				"9BEBC6C9BCA5B098973A7BD9",
				"91C559CF173C7AB7BCF26F43",
			);
		};
		"49C500C519BA8D94DCCAF84F" = {
			"isa" = "PBXGroup";
			"path" = "Core";
			"sourceTree" = "<group>";
			"children" = (
				"FE1F8E8EB6E7FE090D34703E",
				"E478D68C6B37C490B325E216",
				"666FF4CEA6E2C5459B29D16B",
				"7CB3629118EFD600C46F63A2",
			);
		};
		"FE1F8E8EB6E7FE090D34703E" = {
			"isa" = "PBXGroup";
			"path" = "Analysis";
			"sourceTree" = "<group>";
			"children" = (
				"37886497B940A95043815E37",
				"27F22D807165E1963F908D6D",
				"7D6138F26976095294F01756",
			);
		};
		"E478D68C6B37C490B325E216" = {
			"isa" = "PBXGroup";
			"path" = "Correction";
			"sourceTree" = "<group>";
			"children" = (
				"AA052DC347EC43009A620001",
				"B061DFCB425FEB9155200001",
				"E86BF638921F8F7AF77294CB",
				"A2655814B6ADCAEE79E7A4E7",
			);
		};
		"666FF4CEA6E2C5459B29D16B" = {
			"isa" = "PBXGroup";
			"path" = "Media";
			"sourceTree" = "<group>";
			"children" = (
				"E7A03606C5D640553DEAA282",
				"3051F0BB5AC7A80C35D73A35",
				"5BE3E7AC5C56E23CBE65C526",
			);
		};
		"7CB3629118EFD600C46F63A2" = {
			"isa" = "PBXGroup";
			"path" = "Rendering";
			"sourceTree" = "<group>";
			"children" = (
				"CB97F200486E33B848783621",
			);
		};
		"B8B8CD0CA037FD99C736B21C" = {
			"isa" = "PBXGroup";
			"path" = "Documents";
			"sourceTree" = "<group>";
			"children" = (
				"2AA05E7AB4164D0EAB6F0011",
			);
		};
		"C15B37324B4D744947F710A7" = {
			"isa" = "PBXGroup";
			"path" = "Platform";
			"sourceTree" = "<group>";
			"children" = (
				"38C87A14369F951DC13A9C8D",
			);
		};
		"D2E822A2240752530B27EF73" = {
			"isa" = "PBXGroup";
			"path" = "UI";
			"sourceTree" = "<group>";
			"children" = (
				"72A3DA586E2C38F142CFD670",
			);
		};
		"7C7D7071EE81F60A9DC5F63E" = {
			"isa" = "PBXFileReference";
			"lastKnownFileType" = "sourcecode.swift";
			"path" = "PersistentLightingSolverTests.swift";
			"sourceTree" = "<group>";
		};
		"C158092823696933DEC91029" = {
			"isa" = "PBXBuildFile";
			"fileRef" = "7C7D7071EE81F60A9DC5F63E";
		};
		"41308FBEF963A03F580B707C" = {
			"isa" = "PBXFileReference";
			"lastKnownFileType" = "sourcecode.swift";
			"path" = "PersistentLocalFlashTests.swift";
			"sourceTree" = "<group>";
		};
		"E3167CBB5FAA5B50D6FEA251" = {
			"isa" = "PBXBuildFile";
			"fileRef" = "41308FBEF963A03F580B707C";
		};
		"727491BF54C703ECA971E9E9" = {
			"isa" = "PBXFileReference";
			"lastKnownFileType" = "sourcecode.swift";
			"path" = "PersistentSurfaceIdentityTests.swift";
			"sourceTree" = "<group>";
		};
		"C864C40C1F9C35A61485C764" = {
			"isa" = "PBXBuildFile";
			"fileRef" = "727491BF54C703ECA971E9E9";
		};
		"C6623533DBB35E4D3BA08610" = {
			"isa" = "PBXFileReference";
			"lastKnownFileType" = "sourcecode.swift";
			"path" = "SharedFlashAnchorTests.swift";
			"sourceTree" = "<group>";
		};
		"CC4A8D09F2A02E36331204B3" = {
			"isa" = "PBXBuildFile";
			"fileRef" = "C6623533DBB35E4D3BA08610";
		};
		"F76B954A81EC419D1C50B7E6" = {
			"isa" = "PBXGroup";
			"path" = "Correction";
			"sourceTree" = "<group>";
			"children" = (
				"368F616211F65FEEF7249FF1",
				"8C495749EAC0268C498C153F",
				"02407CC8B0794BA39EAA7248",
				"7C7D7071EE81F60A9DC5F63E",
				"41308FBEF963A03F580B707C",
				"727491BF54C703ECA971E9E9",
				"994D7116C396C0B5D2A1569D",
				"73D2B767E04664928AE00F1D",
				"5BB29D9042BDC4B8FD6DE03B",
				"B061DFCB425FEB9155200003",
				"9A1C0DAD3F1601629553A4BB",
				"C6623533DBB35E4D3BA08610",
				"F7E53ADBD4D9DB7B5A007A78",
				"E63B0C4C7F4DC1BB40AC896F",
				"2AA05E7AB4164D0EAB6F0015",
			);
		};
		"63AB426783EB7B08B127C88E" = {
			"isa" = "PBXGroup";
			"path" = "Documents";
			"sourceTree" = "<group>";
			"children" = (
				"2AA05E7AB4164D0EAB6F0013",
			);
		};
		"1DE1E861F296A0341CE6C796" = {
			"isa" = "PBXGroup";
			"path" = "Media";
			"sourceTree" = "<group>";
			"children" = (
				"A144F42BC59647FB0708E53E",
				"C9C2DC404910ED699A2B362D",
				"156BDA729C0551AC43122DD1",
			);
		};
		"D72289CB2F38B477A09ED45E" = {
			"isa" = "PBXGroup";
			"path" = "Platform";
			"sourceTree" = "<group>";
			"children" = (
				"B780D7324513EC39C6D67DD6",
			);
		};
		"C8EDA0AF5FA72990DF7AE82B" = {
			"isa" = "PBXGroup";
			"path" = "Support";
			"sourceTree" = "<group>";
			"children" = (
				"06B7D522E14630962705B13A",
			);
		};
		"75BD0645ACBA40794BC2A172" = {
			"isa" = "PBXGroup";
			"path" = "UI";
			"sourceTree" = "<group>";
			"children" = (
				"1013A33016F2837D5DFF44FD",
			);
		};
	};
	"rootObject" = "98F54143AB4E86B28C3AFEE0";
}
